{
  "name": "robokit-nodejs",
  "version": "1.0.1",
  "lockfileVersion": 3,
  "requires": true,
  "packages": {
    "": {
      "name": "robokit-nodejs",
      "version": "1.0.1",
      "license": "ISC",
      "dependencies": {
        "bytenode": "^1.5.7",
        "nanoid": "^5.1.6"
      }
    },
    "node_modules/bytenode": {
      "version": "1.5.7",
      "resolved": "https://registry.npmjs.org/bytenode/-/bytenode-1.5.7.tgz",
      "integrity": "sha512-FWo+xOlZ+BOzk8ZjyVvHB41wD4CoS/iHpCWPrKzghQiAE/Z/npCvz4DJ1hbzFhEbEkrv4TAikqHrvz5dTt9/jQ==",
      "license": "MIT",
      "bin": {
        "bytenode": "lib/cli.js"
      }
    },
    "node_modules/nanoid": {
      "version": "5.1.6",
      "resolved": "https://registry.npmjs.org/nanoid/-/nanoid-5.1.6.tgz",
      "integrity": "sha512-c7+7RQ+dMB5dPwwCp4ee1/iV/q2P6aK1mTZcfr1BTuVlyW9hJYiMPybJCcnBlQtuSmTIWNeazm/zqNoZSSElBg==",
      "funding": [
        {
          "type": "github",
          "url": "https://github.com/sponsors/ai"
        }
      ],
      "license": "MIT",
      "bin": {
        "nanoid": "bin/nanoid.js"
      },
      "engines": {
        "node": "^18 || >=20"
      }
    }
  }
}
